
Microsoft Visual Studio Solution File, Format Version 12.00
# Visual Studio 14
VisualStudioVersion = 14.0.25123.0
MinimumVisualStudioVersion = 10.0.40219.1
Project("{FAE04EC0-301F-11D3-BF4B-00C04F79EFBC}") = "TogglAPI", "TogglAPI\TogglAPI.csproj", "{7E673306-3918-400D-B886-FBAA27E7171C}"
EndProject
Project("{FAE04EC0-301F-11D3-BF4B-00C04F79EFBC}") = "TogglAPITests", "TogglAPITests\TogglAPITests.csproj", "{DC77DDE2-7D91-4BDF-852D-75F22A3BAC42}"
EndProject
Global
	GlobalSection(SolutionConfigurationPlatforms) = preSolution
		Debug|Any CPU = Debug|Any CPU
		Release|Any CPU = Release|Any CPU
	EndGlobalSection
	GlobalSection(ProjectConfigurationPlatforms) = postSolution
		{7E673306-3918-400D-B886-FBAA27E7171C}.Debug|Any CPU.ActiveCfg = Debug|Any CPU
		{7E673306-3918-400D-B886-FBAA27E7171C}.Debug|Any CPU.Build.0 = Debug|Any CPU
		{7E673306-3918-400D-B886-FBAA27E7171C}.Release|Any CPU.ActiveCfg = Release|Any CPU
		{7E673306-3918-400D-B886-FBAA27E7171C}.Release|Any CPU.Build.0 = Release|Any CPU
		{DC77DDE2-7D91-4BDF-852D-75F22A3BAC42}.Debug|Any CPU.ActiveCfg = Debug|Any CPU
		{DC77DDE2-7D91-4BDF-852D-75F22A3BAC42}.Debug|Any CPU.Build.0 = Debug|Any CPU
		{DC77DDE2-7D91-4BDF-852D-75F22A3BAC42}.Release|Any CPU.ActiveCfg = Release|Any CPU
		{DC77DDE2-7D91-4BDF-852D-75F22A3BAC42}.Release|Any CPU.Build.0 = Release|Any CPU
	EndGlobalSection
	GlobalSection(SolutionProperties) = preSolution
		HideSolutionNode = FALSE
	EndGlobalSection
EndGlobal
